// !$*UTF8*$!
{
	archiveVersion = 1;
	classes = {
	};
	objectVersion = 56;
	objects = {

/* Begin PBXBuildFile section */
		FB0AA0E12DE4E1C800A73287 /* cap.swift in Sources */ = {isa = PBXBuildFile; fileRef = FB0AA0E02DE4E1C800A73287 /* cap.swift */; };
		FB3ACFBF2DD4FE6800E1317F /* capitulos.swift in Sources */ = {isa = PBXBuildFile; fileRef = FB3ACFBE2DD4FE6800E1317F /* capitulos.swift */; };
		FB6320B12DCE593C0032258C /* resultados.swift in Sources */ = {isa = PBXBuildFile; fileRef = FB6320B02DCE593C0032258C /* resultados.swift */; };
		FB6320B32DCE5AC90032258C /* errores.swift in Sources */ = {isa = PBXBuildFile; fileRef = FB6320B22DCE5AC90032258C /* errores.swift */; };
		FB6320B62DCE60C50032258C /* controlador_app_sp.swift in Sources */ = {isa = PBXBuildFile; fileRef = FB6320B52DCE60C50032258C /* controlador_app_sp.swift */; };
		FB6320BA2DCE67B70032258C /* personajes.swift in Sources */ = {isa = PBXBuildFile; fileRef = FB6320B92DCE67B70032258C /* personajes.swift */; };
		FB9D695A2DCBBF1200BEE6D3 /* aplicacion_finalApp.swift in Sources */ = {isa = PBXBuildFile; fileRef = FB9D69592DCBBF1200BEE6D3 /* aplicacion_finalApp.swift */; };
		FB9D695C2DCBBF1200BEE6D3 /* ContentView.swift in Sources */ = {isa = PBXBuildFile; fileRef = FB9D695B2DCBBF1200BEE6D3 /* ContentView.swift */; };
		FB9D695E2DCBBF1300BEE6D3 /* Assets.xcassets in Resources */ = {isa = PBXBuildFile; fileRef = FB9D695D2DCBBF1300BEE6D3 /* Assets.xcassets */; };
		FB9D69612DCBBF1300BEE6D3 /* Preview Assets.xcassets in Resources */ = {isa = PBXBuildFile; fileRef = FB9D69602DCBBF1300BEE6D3 /* Preview Assets.xcassets */; };
		FB9D69692DCBC29400BEE6D3 /* futurama_api.swift in Sources */ = {isa = PBXBuildFile; fileRef = FB9D69682DCBC29400BEE6D3 /* futurama_api.swift */; };
		FB9D696D2DCBC3E600BEE6D3 /* Personaje.swift in Sources */ = {isa = PBXBuildFile; fileRef = FB9D696C2DCBC3E600BEE6D3 /* Personaje.swift */; };
		FB9D696F2DCBC3F400BEE6D3 /* Episodios.swift in Sources */ = {isa = PBXBuildFile; fileRef = FB9D696E2DCBC3F400BEE6D3 /* Episodios.swift */; };
		FBB247182DDB8D9F0087EEAA /* menu_aplicacion.swift in Sources */ = {isa = PBXBuildFile; fileRef = FBB247172DDB8D9F0087EEAA /* menu_aplicacion.swift */; };
		FBB8CF7D2DD7922A0034D4DA /* imagenes_temporada.swift in Sources */ = {isa = PBXBuildFile; fileRef = FBB8CF7C2DD7922A0034D4DA /* imagenes_temporada.swift */; };
		FBB8CF7F2DD793380034D4DA /* temporadasF.swift in Sources */ = {isa = PBXBuildFile; fileRef = FBB8CF7E2DD793380034D4DA /* temporadasF.swift */; };
		FBB8CF812DD799860034D4DA /* TemporadasF.swift in Sources */ = {isa = PBXBuildFile; fileRef = FBB8CF802DD799860034D4DA /* TemporadasF.swift */; };
		FBDE3E9E2DE4D1D000AB6C85 /* perfil.swift in Sources */ = {isa = PBXBuildFile; fileRef = FBDE3E9D2DE4D1D000AB6C85 /* perfil.swift */; };
		FBE15EA32DDE2838003029A1 /* Landing page.swift in Sources */ = {isa = PBXBuildFile; fileRef = FBE15EA22DDE2838003029A1 /* Landing page.swift */; };
		FBE15EA52DDE2FAA003029A1 /* detallespersonaje.swift in Sources */ = {isa = PBXBuildFile; fileRef = FBE15EA42DDE2FAA003029A1 /* detallespersonaje.swift */; };
/* End PBXBuildFile section */

/* Begin PBXFileReference section */
		FB0AA0E02DE4E1C800A73287 /* cap.swift */ = {isa = PBXFileReference; lastKnownFileType = sourcecode.swift; path = cap.swift; sourceTree = "<group>"; };
		FB3ACFBE2DD4FE6800E1317F /* capitulos.swift */ = {isa = PBXFileReference; lastKnownFileType = sourcecode.swift; path = capitulos.swift; sourceTree = "<group>"; };
		FB6320B02DCE593C0032258C /* resultados.swift */ = {isa = PBXFileReference; lastKnownFileType = sourcecode.swift; path = resultados.swift; sourceTree = "<group>"; };
		FB6320B22DCE5AC90032258C /* errores.swift */ = {isa = PBXFileReference; lastKnownFileType = sourcecode.swift; path = errores.swift; sourceTree = "<group>"; };
		FB6320B52DCE60C50032258C /* controlador_app_sp.swift */ = {isa = PBXFileReference; lastKnownFileType = sourcecode.swift; path = controlador_app_sp.swift; sourceTree = "<group>"; };
		FB6320B92DCE67B70032258C /* personajes.swift */ = {isa = PBXFileReference; lastKnownFileType = sourcecode.swift; path = personajes.swift; sourceTree = "<group>"; };
		FB9D69562DCBBF1200BEE6D3 /* aplicacion_final.app */ = {isa = PBXFileReference; explicitFileType = wrapper.application; includeInIndex = 0; path = aplicacion_final.app; sourceTree = BUILT_PRODUCTS_DIR; };
		FB9D69592DCBBF1200BEE6D3 /* aplicacion_finalApp.swift */ = {isa = PBXFileReference; lastKnownFileType = sourcecode.swift; path = aplicacion_finalApp.swift; sourceTree = "<group>"; };
		FB9D695B2DCBBF1200BEE6D3 /* ContentView.swift */ = {isa = PBXFileReference; lastKnownFileType = sourcecode.swift; path = ContentView.swift; sourceTree = "<group>"; };
		FB9D695D2DCBBF1300BEE6D3 /* Assets.xcassets */ = {isa = PBXFileReference; lastKnownFileType = folder.assetcatalog; path = Assets.xcassets; sourceTree = "<group>"; };
		FB9D69602DCBBF1300BEE6D3 /* Preview Assets.xcassets */ = {isa = PBXFileReference; lastKnownFileType = folder.assetcatalog; path = "Preview Assets.xcassets"; sourceTree = "<group>"; };
		FB9D69682DCBC29400BEE6D3 /* futurama_api.swift */ = {isa = PBXFileReference; lastKnownFileType = sourcecode.swift; path = futurama_api.swift; sourceTree = "<group>"; };
		FB9D696C2DCBC3E600BEE6D3 /* Personaje.swift */ = {isa = PBXFileReference; lastKnownFileType = sourcecode.swift; path = Personaje.swift; sourceTree = "<group>"; };
		FB9D696E2DCBC3F400BEE6D3 /* Episodios.swift */ = {isa = PBXFileReference; lastKnownFileType = sourcecode.swift; path = Episodios.swift; sourceTree = "<group>"; };
		FBB247172DDB8D9F0087EEAA /* menu_aplicacion.swift */ = {isa = PBXFileReference; lastKnownFileType = sourcecode.swift; path = menu_aplicacion.swift; sourceTree = "<group>"; };
		FBB8CF7C2DD7922A0034D4DA /* imagenes_temporada.swift */ = {isa = PBXFileReference; lastKnownFileType = sourcecode.swift; path = imagenes_temporada.swift; sourceTree = "<group>"; };
		FBB8CF7E2DD793380034D4DA /* temporadasF.swift */ = {isa = PBXFileReference; lastKnownFileType = sourcecode.swift; path = temporadasF.swift; sourceTree = "<group>"; };
		FBB8CF802DD799860034D4DA /* TemporadasF.swift */ = {isa = PBXFileReference; lastKnownFileType = sourcecode.swift; path = TemporadasF.swift; sourceTree = "<group>"; };
		FBDE3E9D2DE4D1D000AB6C85 /* perfil.swift */ = {isa = PBXFileReference; lastKnownFileType = sourcecode.swift; path = perfil.swift; sourceTree = "<group>"; };
		FBE15EA22DDE2838003029A1 /* Landing page.swift */ = {isa = PBXFileReference; lastKnownFileType = sourcecode.swift; path = "Landing page.swift"; sourceTree = "<group>"; };
		FBE15EA42DDE2FAA003029A1 /* detallespersonaje.swift */ = {isa = PBXFileReference; lastKnownFileType = sourcecode.swift; path = detallespersonaje.swift; sourceTree = "<group>"; };
/* End PBXFileReference section */

/* Begin PBXFrameworksBuildPhase section */
		FB9D69532DCBBF1200BEE6D3 /* Frameworks */ = {
			isa = PBXFrameworksBuildPhase;
			buildActionMask = 2147483647;
			files = (
			);
			runOnlyForDeploymentPostprocessing = 0;
		};
/* End PBXFrameworksBuildPhase section */

/* Begin PBXGroup section */
		FB6320AF2DCE59250032258C /* soporte */ = {
			isa = PBXGroup;
			children = (
				FB6320B02DCE593C0032258C /* resultados.swift */,
			);
			path = soporte;
			sourceTree = "<group>";
		};
		FB6320B42DCE60A10032258C /* Controlador */ = {
			isa = PBXGroup;
			children = (
				FB6320B52DCE60C50032258C /* controlador_app_sp.swift */,
			);
			path = Controlador;
			sourceTree = "<group>";
		};
		FB6320B72DCE67820032258C /* ui */ = {
			isa = PBXGroup;
			children = (
				FB6320B82DCE67A20032258C /* Futurama */,
			);
			path = ui;
			sourceTree = "<group>";
		};
		FB6320B82DCE67A20032258C /* Futurama */ = {
			isa = PBXGroup;
			children = (
				FB6320B92DCE67B70032258C /* personajes.swift */,
				FB3ACFBE2DD4FE6800E1317F /* capitulos.swift */,
				FBB8CF7E2DD793380034D4DA /* temporadasF.swift */,
				FBE15EA22DDE2838003029A1 /* Landing page.swift */,
				FBE15EA42DDE2FAA003029A1 /* detallespersonaje.swift */,
				FB0AA0E02DE4E1C800A73287 /* cap.swift */,
			);
			path = Futurama;
			sourceTree = "<group>";
		};
		FB9D694D2DCBBF1200BEE6D3 = {
			isa = PBXGroup;
			children = (
				FB9D69582DCBBF1200BEE6D3 /* aplicacion_final */,
				FB9D69572DCBBF1200BEE6D3 /* Products */,
			);
			sourceTree = "<group>";
		};
		FB9D69572DCBBF1200BEE6D3 /* Products */ = {
			isa = PBXGroup;
			children = (
				FB9D69562DCBBF1200BEE6D3 /* aplicacion_final.app */,
			);
			name = Products;
			sourceTree = "<group>";
		};
		FB9D69582DCBBF1200BEE6D3 /* aplicacion_final */ = {
			isa = PBXGroup;
			children = (
				FBDE3E9C2DE4D1BD00AB6C85 /* perfil_basico */,
				FBB247162DDB8D7F0087EEAA /* menu_inicial */,
				FB6320B72DCE67820032258C /* ui */,
				FB6320B42DCE60A10032258C /* Controlador */,
				FB9D696A2DCBC36E00BEE6D3 /* modelos */,
				FB9D69672DCBC27500BEE6D3 /* servicios_API */,
				FB9D69592DCBBF1200BEE6D3 /* aplicacion_finalApp.swift */,
				FB9D695B2DCBBF1200BEE6D3 /* ContentView.swift */,
				FB9D695D2DCBBF1300BEE6D3 /* Assets.xcassets */,
				FB9D695F2DCBBF1300BEE6D3 /* Preview Content */,
			);
			path = aplicacion_final;
			sourceTree = "<group>";
		};
		FB9D695F2DCBBF1300BEE6D3 /* Preview Content */ = {
			isa = PBXGroup;
			children = (
				FB9D69602DCBBF1300BEE6D3 /* Preview Assets.xcassets */,
			);
			path = "Preview Content";
			sourceTree = "<group>";
		};
		FB9D69672DCBC27500BEE6D3 /* servicios_API */ = {
			isa = PBXGroup;
			children = (
				FB9D69682DCBC29400BEE6D3 /* futurama_api.swift */,
				FB6320B22DCE5AC90032258C /* errores.swift */,
			);
			path = servicios_API;
			sourceTree = "<group>";
		};
		FB9D696A2DCBC36E00BEE6D3 /* modelos */ = {
			isa = PBXGroup;
			children = (
				FB9D696B2DCBC39700BEE6D3 /* futurama */,
			);
			path = modelos;
			sourceTree = "<group>";
		};
		FB9D696B2DCBC39700BEE6D3 /* futurama */ = {
			isa = PBXGroup;
			children = (
				FB6320AF2DCE59250032258C /* soporte */,
				FB9D696C2DCBC3E600BEE6D3 /* Personaje.swift */,
				FB9D696E2DCBC3F400BEE6D3 /* Episodios.swift */,
				FBB8CF802DD799860034D4DA /* TemporadasF.swift */,
			);
			path = futurama;
			sourceTree = "<group>";
		};
		FBB247162DDB8D7F0087EEAA /* menu_inicial */ = {
			isa = PBXGroup;
			children = (
				FBB247172DDB8D9F0087EEAA /* menu_aplicacion.swift */,
				FBB8CF7B2DD792050034D4DA /* rsc */,
			);
			path = menu_inicial;
			sourceTree = "<group>";
		};
		FBB8CF7B2DD792050034D4DA /* rsc */ = {
			isa = PBXGroup;
			children = (
				FBB8CF7C2DD7922A0034D4DA /* imagenes_temporada.swift */,
			);
			path = rsc;
			sourceTree = "<group>";
		};
		FBDE3E9C2DE4D1BD00AB6C85 /* perfil_basico */ = {
			isa = PBXGroup;
			children = (
				FBDE3E9D2DE4D1D000AB6C85 /* perfil.swift */,
			);
			path = perfil_basico;
			sourceTree = "<group>";
		};
/* End PBXGroup section */

/* Begin PBXNativeTarget section */
		FB9D69552DCBBF1200BEE6D3 /* aplicacion_final */ = {
			isa = PBXNativeTarget;
			buildConfigurationList = FB9D69642DCBBF1300BEE6D3 /* Build configuration list for PBXNativeTarget "aplicacion_final" */;
			buildPhases = (
				FB9D69522DCBBF1200BEE6D3 /* Sources */,
				FB9D69532DCBBF1200BEE6D3 /* Frameworks */,
				FB9D69542DCBBF1200BEE6D3 /* Resources */,
			);
			buildRules = (
			);
			dependencies = (
			);
			name = aplicacion_final;
			productName = aplicacion_final;
			productReference = FB9D69562DCBBF1200BEE6D3 /* aplicacion_final.app */;
			productType = "com.apple.product-type.application";
		};
/* End PBXNativeTarget section */

/* Begin PBXProject section */
		FB9D694E2DCBBF1200BEE6D3 /* Project object */ = {
			isa = PBXProject;
			attributes = {
				BuildIndependentTargetsInParallel = 1;
				LastSwiftUpdateCheck = 1540;
				LastUpgradeCheck = 1540;
				TargetAttributes = {
					FB9D69552DCBBF1200BEE6D3 = {
						CreatedOnToolsVersion = 15.4;
					};
				};
			};
			buildConfigurationList = FB9D69512DCBBF1200BEE6D3 /* Build configuration list for PBXProject "aplicacion_final" */;
			compatibilityVersion = "Xcode 14.0";
			developmentRegion = en;
			hasScannedForEncodings = 0;
			knownRegions = (
				en,
				Base,
			);
			mainGroup = FB9D694D2DCBBF1200BEE6D3;
			productRefGroup = FB9D69572DCBBF1200BEE6D3 /* Products */;
			projectDirPath = "";
			projectRoot = "";
			targets = (
				FB9D69552DCBBF1200BEE6D3 /* aplicacion_final */,
			);
		};
/* End PBXProject section */

/* Begin PBXResourcesBuildPhase section */
		FB9D69542DCBBF1200BEE6D3 /* Resources */ = {
			isa = PBXResourcesBuildPhase;
			buildActionMask = 2147483647;
			files = (
				FB9D69612DCBBF1300BEE6D3 /* Preview Assets.xcassets in Resources */,
				FB9D695E2DCBBF1300BEE6D3 /* Assets.xcassets in Resources */,
			);
			runOnlyForDeploymentPostprocessing = 0;
		};
/* End PBXResourcesBuildPhase section */

/* Begin PBXSourcesBuildPhase section */
		FB9D69522DCBBF1200BEE6D3 /* Sources */ = {
			isa = PBXSourcesBuildPhase;
			buildActionMask = 2147483647;
			files = (
				FB3ACFBF2DD4FE6800E1317F /* capitulos.swift in Sources */,
				FB6320BA2DCE67B70032258C /* personajes.swift in Sources */,
				FB6320B32DCE5AC90032258C /* errores.swift in Sources */,
				FBB247182DDB8D9F0087EEAA /* menu_aplicacion.swift in Sources */,
				FB9D695C2DCBBF1200BEE6D3 /* ContentView.swift in Sources */,
				FB6320B12DCE593C0032258C /* resultados.swift in Sources */,
				FB9D696D2DCBC3E600BEE6D3 /* Personaje.swift in Sources */,
				FBE15EA52DDE2FAA003029A1 /* detallespersonaje.swift in Sources */,
				FB9D69692DCBC29400BEE6D3 /* futurama_api.swift in Sources */,
				FBE15EA32DDE2838003029A1 /* Landing page.swift in Sources */,
				FBDE3E9E2DE4D1D000AB6C85 /* perfil.swift in Sources */,
				FB6320B62DCE60C50032258C /* controlador_app_sp.swift in Sources */,
				FBB8CF812DD799860034D4DA /* TemporadasF.swift in Sources */,
				FB9D696F2DCBC3F400BEE6D3 /* Episodios.swift in Sources */,
				FBB8CF7D2DD7922A0034D4DA /* imagenes_temporada.swift in Sources */,
				FBB8CF7F2DD793380034D4DA /* temporadasF.swift in Sources */,
				FB0AA0E12DE4E1C800A73287 /* cap.swift in Sources */,
				FB9D695A2DCBBF1200BEE6D3 /* aplicacion_finalApp.swift in Sources */,
			);
			runOnlyForDeploymentPostprocessing = 0;
		};
/* End PBXSourcesBuildPhase section */

/* Begin XCBuildConfiguration section */
		FB9D69622DCBBF1300BEE6D3 /* Debug */ = {
			isa = XCBuildConfiguration;
			buildSettings = {
				ALWAYS_SEARCH_USER_PATHS = NO;
				ASSETCATALOG_COMPILER_GENERATE_SWIFT_ASSET_SYMBOL_EXTENSIONS = YES;
				CLANG_ANALYZER_NONNULL = YES;
				CLANG_ANALYZER_NUMBER_OBJECT_CONVERSION = YES_AGGRESSIVE;
				CLANG_CXX_LANGUAGE_STANDARD = "gnu++20";
				CLANG_ENABLE_MODULES = YES;
				CLANG_ENABLE_OBJC_ARC = YES;
				CLANG_ENABLE_OBJC_WEAK = YES;
				CLANG_WARN_BLOCK_CAPTURE_AUTORELEASING = YES;
				CLANG_WARN_BOOL_CONVERSION = YES;
				CLANG_WARN_COMMA = YES;
				CLANG_WARN_CONSTANT_CONVERSION = YES;
				CLANG_WARN_DEPRECATED_OBJC_IMPLEMENTATIONS = YES;
				CLANG_WARN_DIRECT_OBJC_ISA_USAGE = YES_ERROR;
				CLANG_WARN_DOCUMENTATION_COMMENTS = YES;
				CLANG_WARN_EMPTY_BODY = YES;
				CLANG_WARN_ENUM_CONVERSION = YES;
				CLANG_WARN_INFINITE_RECURSION = YES;
				CLANG_WARN_INT_CONVERSION = YES;
				CLANG_WARN_NON_LITERAL_NULL_CONVERSION = YES;
				CLANG_WARN_OBJC_IMPLICIT_RETAIN_SELF = YES;
				CLANG_WARN_OBJC_LITERAL_CONVERSION = YES;
				CLANG_WARN_OBJC_ROOT_CLASS = YES_ERROR;
				CLANG_WARN_QUOTED_INCLUDE_IN_FRAMEWORK_HEADER = YES;
				CLANG_WARN_RANGE_LOOP_ANALYSIS = YES;
				CLANG_WARN_STRICT_PROTOTYPES = YES;
				CLANG_WARN_SUSPICIOUS_MOVE = YES;
				CLANG_WARN_UNGUARDED_AVAILABILITY = YES_AGGRESSIVE;
				CLANG_WARN_UNREACHABLE_CODE = YES;
				CLANG_WARN__DUPLICATE_METHOD_MATCH = YES;
				COPY_PHASE_STRIP = NO;
				DEBUG_INFORMATION_FORMAT = dwarf;
				ENABLE_STRICT_OBJC_MSGSEND = YES;
				ENABLE_TESTABILITY = YES;
				ENABLE_USER_SCRIPT_SANDBOXING = YES;
				GCC_C_LANGUAGE_STANDARD = gnu17;
				GCC_DYNAMIC_NO_PIC = NO;
				GCC_NO_COMMON_BLOCKS = YES;
				GCC_OPTIMIZATION_LEVEL = 0;
				GCC_PREPROCESSOR_DEFINITIONS = (
					"DEBUG=1",
					"$(inherited)",
				);
				GCC_WARN_64_TO_32_BIT_CONVERSION = YES;
				GCC_WARN_ABOUT_RETURN_TYPE = YES_ERROR;
				GCC_WARN_UNDECLARED_SELECTOR = YES;
				GCC_WARN_UNINITIALIZED_AUTOS = YES_AGGRESSIVE;
				GCC_WARN_UNUSED_FUNCTION = YES;
				GCC_WARN_UNUSED_VARIABLE = YES;
				IPHONEOS_DEPLOYMENT_TARGET = 17.5;
				LOCALIZATION_PREFERS_STRING_CATALOGS = YES;
				MTL_ENABLE_DEBUG_INFO = INCLUDE_SOURCE;
				MTL_FAST_MATH = YES;
				ONLY_ACTIVE_ARCH = YES;
				SDKROOT = iphoneos;
				SWIFT_ACTIVE_COMPILATION_CONDITIONS = "DEBUG $(inherited)";
				SWIFT_OPTIMIZATION_LEVEL = "-Onone";
			};
			name = Debug;
		};
		FB9D69632DCBBF1300BEE6D3 /* Release */ = {
			isa = XCBuildConfiguration;
			buildSettings = {
				ALWAYS_SEARCH_USER_PATHS = NO;
				ASSETCATALOG_COMPILER_GENERATE_SWIFT_ASSET_SYMBOL_EXTENSIONS = YES;
				CLANG_ANALYZER_NONNULL = YES;
				CLANG_ANALYZER_NUMBER_OBJECT_CONVERSION = YES_AGGRESSIVE;
				CLANG_CXX_LANGUAGE_STANDARD = "gnu++20";
				CLANG_ENABLE_MODULES = YES;
				CLANG_ENABLE_OBJC_ARC = YES;
				CLANG_ENABLE_OBJC_WEAK = YES;
				CLANG_WARN_BLOCK_CAPTURE_AUTORELEASING = YES;
				CLANG_WARN_BOOL_CONVERSION = YES;
				CLANG_WARN_COMMA = YES;
				CLANG_WARN_CONSTANT_CONVERSION = YES;
				CLANG_WARN_DEPRECATED_OBJC_IMPLEMENTATIONS = YES;
				CLANG_WARN_DIRECT_OBJC_ISA_USAGE = YES_ERROR;
				CLANG_WARN_DOCUMENTATION_COMMENTS = YES;
				CLANG_WARN_EMPTY_BODY = YES;
				CLANG_WARN_ENUM_CONVERSION = YES;
				CLANG_WARN_INFINITE_RECURSION = YES;
				CLANG_WARN_INT_CONVERSION = YES;
				CLANG_WARN_NON_LITERAL_NULL_CONVERSION = YES;
				CLANG_WARN_OBJC_IMPLICIT_RETAIN_SELF = YES;
				CLANG_WARN_OBJC_LITERAL_CONVERSION = YES;
				CLANG_WARN_OBJC_ROOT_CLASS = YES_ERROR;
				CLANG_WARN_QUOTED_INCLUDE_IN_FRAMEWORK_HEADER = YES;
				CLANG_WARN_RANGE_LOOP_ANALYSIS = YES;
				CLANG_WARN_STRICT_PROTOTYPES = YES;
				CLANG_WARN_SUSPICIOUS_MOVE = YES;
				CLANG_WARN_UNGUARDED_AVAILABILITY = YES_AGGRESSIVE;
				CLANG_WARN_UNREACHABLE_CODE = YES;
				CLANG_WARN__DUPLICATE_METHOD_MATCH = YES;
				COPY_PHASE_STRIP = NO;
				DEBUG_INFORMATION_FORMAT = "dwarf-with-dsym";
				ENABLE_NS_ASSERTIONS = NO;
				ENABLE_STRICT_OBJC_MSGSEND = YES;
				ENABLE_USER_SCRIPT_SANDBOXING = YES;
				GCC_C_LANGUAGE_STANDARD = gnu17;
				GCC_NO_COMMON_BLOCKS = YES;
				GCC_WARN_64_TO_32_BIT_CONVERSION = YES;
				GCC_WARN_ABOUT_RETURN_TYPE = YES_ERROR;
				GCC_WARN_UNDECLARED_SELECTOR = YES;
				GCC_WARN_UNINITIALIZED_AUTOS = YES_AGGRESSIVE;
				GCC_WARN_UNUSED_FUNCTION = YES;
				GCC_WARN_UNUSED_VARIABLE = YES;
				IPHONEOS_DEPLOYMENT_TARGET = 17.5;
				LOCALIZATION_PREFERS_STRING_CATALOGS = YES;
				MTL_ENABLE_DEBUG_INFO = NO;
				MTL_FAST_MATH = YES;
				SDKROOT = iphoneos;
				SWIFT_COMPILATION_MODE = wholemodule;
				VALIDATE_PRODUCT = YES;
			};
			name = Release;
		};
		FB9D69652DCBBF1300BEE6D3 /* Debug */ = {
			isa = XCBuildConfiguration;
			buildSettings = {
				ASSETCATALOG_COMPILER_APPICON_NAME = AppIcon;
				ASSETCATALOG_COMPILER_GLOBAL_ACCENT_COLOR_NAME = AccentColor;
				CODE_SIGN_STYLE = Automatic;
				CURRENT_PROJECT_VERSION = 1;
				DEVELOPMENT_ASSET_PATHS = "\"aplicacion_final/Preview Content\"";
				ENABLE_PREVIEWS = YES;
				GENERATE_INFOPLIST_FILE = YES;
				INFOPLIST_KEY_UIApplicationSceneManifest_Generation = YES;
				INFOPLIST_KEY_UIApplicationSupportsIndirectInputEvents = YES;
				INFOPLIST_KEY_UILaunchScreen_Generation = YES;
				INFOPLIST_KEY_UISupportedInterfaceOrientations_iPad = "UIInterfaceOrientationPortrait UIInterfaceOrientationPortraitUpsideDown UIInterfaceOrientationLandscapeLeft UIInterfaceOrientationLandscapeRight";
				INFOPLIST_KEY_UISupportedInterfaceOrientations_iPhone = "UIInterfaceOrientationPortrait UIInterfaceOrientationLandscapeLeft UIInterfaceOrientationLandscapeRight";
				LD_RUNPATH_SEARCH_PATHS = (
					"$(inherited)",
					"@executable_path/Frameworks",
				);
				MARKETING_VERSION = 1.0;
				PRODUCT_BUNDLE_IDENTIFIER = "mx.alumnos.uacj.aplicacion-final";
				PRODUCT_NAME = "$(TARGET_NAME)";
				SWIFT_EMIT_LOC_STRINGS = YES;
				SWIFT_VERSION = 5.0;
				TARGETED_DEVICE_FAMILY = "1,2";
			};
			name = Debug;
		};
		FB9D69662DCBBF1300BEE6D3 /* Release */ = {
			isa = XCBuildConfiguration;
			buildSettings = {
				ASSETCATALOG_COMPILER_APPICON_NAME = AppIcon;
				ASSETCATALOG_COMPILER_GLOBAL_ACCENT_COLOR_NAME = AccentColor;
				CODE_SIGN_STYLE = Automatic;
				CURRENT_PROJECT_VERSION = 1;
				DEVELOPMENT_ASSET_PATHS = "\"aplicacion_final/Preview Content\"";
				ENABLE_PREVIEWS = YES;
				GENERATE_INFOPLIST_FILE = YES;
				INFOPLIST_KEY_UIApplicationSceneManifest_Generation = YES;
				INFOPLIST_KEY_UIApplicationSupportsIndirectInputEvents = YES;
				INFOPLIST_KEY_UILaunchScreen_Generation = YES;
				INFOPLIST_KEY_UISupportedInterfaceOrientations_iPad = "UIInterfaceOrientationPortrait UIInterfaceOrientationPortraitUpsideDown UIInterfaceOrientationLandscapeLeft UIInterfaceOrientationLandscapeRight";
				INFOPLIST_KEY_UISupportedInterfaceOrientations_iPhone = "UIInterfaceOrientationPortrait UIInterfaceOrientationLandscapeLeft UIInterfaceOrientationLandscapeRight";
				LD_RUNPATH_SEARCH_PATHS = (
					"$(inherited)",
					"@executable_path/Frameworks",
				);
				MARKETING_VERSION = 1.0;
				PRODUCT_BUNDLE_IDENTIFIER = "mx.alumnos.uacj.aplicacion-final";
				PRODUCT_NAME = "$(TARGET_NAME)";
				SWIFT_EMIT_LOC_STRINGS = YES;
				SWIFT_VERSION = 5.0;
				TARGETED_DEVICE_FAMILY = "1,2";
			};
			name = Release;
		};
/* End XCBuildConfiguration section */

/* Begin XCConfigurationList section */
		FB9D69512DCBBF1200BEE6D3 /* Build configuration list for PBXProject "aplicacion_final" */ = {
			isa = XCConfigurationList;
			buildConfigurations = (
				FB9D69622DCBBF1300BEE6D3 /* Debug */,
				FB9D69632DCBBF1300BEE6D3 /* Release */,
			);
			defaultConfigurationIsVisible = 0;
			defaultConfigurationName = Release;
		};
		FB9D69642DCBBF1300BEE6D3 /* Build configuration list for PBXNativeTarget "aplicacion_final" */ = {
			isa = XCConfigurationList;
			buildConfigurations = (
				FB9D69652DCBBF1300BEE6D3 /* Debug */,
				FB9D69662DCBBF1300BEE6D3 /* Release */,
			);
			defaultConfigurationIsVisible = 0;
			defaultConfigurationName = Release;
		};
/* End XCConfigurationList section */
	};
	rootObject = FB9D694E2DCBBF1200BEE6D3 /* Project object */;
}
